
Microsoft Visual Studio Solution File, Format Version 12.00
# Visual Studio Version 16
VisualStudioVersion = 16.0.29505.145
MinimumVisualStudioVersion = 10.0.40219.1
Project("{FAE04EC0-301F-11D3-BF4B-00C04F79EFBC}") = "BasicXamarin.Android", "BasicXamarin.Android\BasicXamarin.Android.csproj", "{814902B2-6798-4683-A771-783616A3B172}"
EndProject
Project("{FAE04EC0-301F-11D3-BF4B-00C04F79EFBC}") = "BasicXamarin.iOS", "BasicXamarin.iOS\BasicXamarin.iOS.csproj", "{226F294C-6523-424E-AAB3-0A24AC12A487}"
EndProject
Project("{9A19103F-16F7-4668-BE54-9A1E7A4F7556}") = "BasicXamarin", "BasicXamarin\BasicXamarin.csproj", "{3822DCE6-923D-43B2-B3EB-6D8A4A1BAE2F}"
EndProject
Project("{FAE04EC0-301F-11D3-BF4B-00C04F79EFBC}") = "UITest", "UITest\UITest.csproj", "{606EFFE7-7BF6-4559-A05F-E17D6E20EF2D}"
EndProject
Global
	GlobalSection(SolutionConfigurationPlatforms) = preSolution
		Debug|Any CPU = Debug|Any CPU
		Debug|iPhone = Debug|iPhone
		Debug|iPhoneSimulator = Debug|iPhoneSimulator
		Release|Any CPU = Release|Any CPU
		Release|iPhone = Release|iPhone
		Release|iPhoneSimulator = Release|iPhoneSimulator
	EndGlobalSection
	GlobalSection(ProjectConfigurationPlatforms) = postSolution
		{814902B2-6798-4683-A771-783616A3B172}.Debug|Any CPU.ActiveCfg = Debug|Any CPU
		{814902B2-6798-4683-A771-783616A3B172}.Debug|Any CPU.Build.0 = Debug|Any CPU
		{814902B2-6798-4683-A771-783616A3B172}.Debug|Any CPU.Deploy.0 = Debug|Any CPU
		{814902B2-6798-4683-A771-783616A3B172}.Debug|iPhone.ActiveCfg = Debug|Any CPU
		{814902B2-6798-4683-A771-783616A3B172}.Debug|iPhone.Build.0 = Debug|Any CPU
		{814902B2-6798-4683-A771-783616A3B172}.Debug|iPhone.Deploy.0 = Debug|Any CPU
		{814902B2-6798-4683-A771-783616A3B172}.Debug|iPhoneSimulator.ActiveCfg = Debug|Any CPU
		{814902B2-6798-4683-A771-783616A3B172}.Debug|iPhoneSimulator.Build.0 = Debug|Any CPU
		{814902B2-6798-4683-A771-783616A3B172}.Debug|iPhoneSimulator.Deploy.0 = Debug|Any CPU
		{814902B2-6798-4683-A771-783616A3B172}.Release|Any CPU.ActiveCfg = Release|Any CPU
		{814902B2-6798-4683-A771-783616A3B172}.Release|Any CPU.Build.0 = Release|Any CPU
		{814902B2-6798-4683-A771-783616A3B172}.Release|Any CPU.Deploy.0 = Release|Any CPU
		{814902B2-6798-4683-A771-783616A3B172}.Release|iPhone.ActiveCfg = Release|Any CPU
		{814902B2-6798-4683-A771-783616A3B172}.Release|iPhone.Build.0 = Release|Any CPU
		{814902B2-6798-4683-A771-783616A3B172}.Release|iPhone.Deploy.0 = Release|Any CPU
		{814902B2-6798-4683-A771-783616A3B172}.Release|iPhoneSimulator.ActiveCfg = Release|Any CPU
		{814902B2-6798-4683-A771-783616A3B172}.Release|iPhoneSimulator.Build.0 = Release|Any CPU
		{814902B2-6798-4683-A771-783616A3B172}.Release|iPhoneSimulator.Deploy.0 = Release|Any CPU
		{226F294C-6523-424E-AAB3-0A24AC12A487}.Debug|Any CPU.ActiveCfg = Debug|iPhoneSimulator
		{226F294C-6523-424E-AAB3-0A24AC12A487}.Debug|Any CPU.Build.0 = Debug|iPhoneSimulator
		{226F294C-6523-424E-AAB3-0A24AC12A487}.Debug|Any CPU.Deploy.0 = Debug|iPhoneSimulator
		{226F294C-6523-424E-AAB3-0A24AC12A487}.Debug|iPhone.ActiveCfg = Debug|iPhone
		{226F294C-6523-424E-AAB3-0A24AC12A487}.Debug|iPhone.Build.0 = Debug|iPhone
		{226F294C-6523-424E-AAB3-0A24AC12A487}.Debug|iPhone.Deploy.0 = Debug|iPhone
		{226F294C-6523-424E-AAB3-0A24AC12A487}.Debug|iPhoneSimulator.ActiveCfg = Debug|iPhoneSimulator
		{226F294C-6523-424E-AAB3-0A24AC12A487}.Debug|iPhoneSimulator.Build.0 = Debug|iPhoneSimulator
		{226F294C-6523-424E-AAB3-0A24AC12A487}.Debug|iPhoneSimulator.Deploy.0 = Debug|iPhoneSimulator
		{226F294C-6523-424E-AAB3-0A24AC12A487}.Release|Any CPU.ActiveCfg = Release|iPhone
		{226F294C-6523-424E-AAB3-0A24AC12A487}.Release|Any CPU.Build.0 = Release|iPhone
		{226F294C-6523-424E-AAB3-0A24AC12A487}.Release|Any CPU.Deploy.0 = Release|iPhone
		{226F294C-6523-424E-AAB3-0A24AC12A487}.Release|iPhone.ActiveCfg = Release|iPhone
		{226F294C-6523-424E-AAB3-0A24AC12A487}.Release|iPhone.Build.0 = Release|iPhone
		{226F294C-6523-424E-AAB3-0A24AC12A487}.Release|iPhone.Deploy.0 = Release|iPhone
		{226F294C-6523-424E-AAB3-0A24AC12A487}.Release|iPhoneSimulator.ActiveCfg = Release|iPhoneSimulator
		{226F294C-6523-424E-AAB3-0A24AC12A487}.Release|iPhoneSimulator.Build.0 = Release|iPhoneSimulator
		{226F294C-6523-424E-AAB3-0A24AC12A487}.Release|iPhoneSimulator.Deploy.0 = Release|iPhoneSimulator
		{3822DCE6-923D-43B2-B3EB-6D8A4A1BAE2F}.Debug|Any CPU.ActiveCfg = Debug|Any CPU
		{3822DCE6-923D-43B2-B3EB-6D8A4A1BAE2F}.Debug|Any CPU.Build.0 = Debug|Any CPU
		{3822DCE6-923D-43B2-B3EB-6D8A4A1BAE2F}.Debug|Any CPU.Deploy.0 = Debug|Any CPU
		{3822DCE6-923D-43B2-B3EB-6D8A4A1BAE2F}.Debug|iPhone.ActiveCfg = Debug|Any CPU
		{3822DCE6-923D-43B2-B3EB-6D8A4A1BAE2F}.Debug|iPhone.Build.0 = Debug|Any CPU
		{3822DCE6-923D-43B2-B3EB-6D8A4A1BAE2F}.Debug|iPhone.Deploy.0 = Debug|Any CPU
		{3822DCE6-923D-43B2-B3EB-6D8A4A1BAE2F}.Debug|iPhoneSimulator.ActiveCfg = Debug|Any CPU
		{3822DCE6-923D-43B2-B3EB-6D8A4A1BAE2F}.Debug|iPhoneSimulator.Build.0 = Debug|Any CPU
		{3822DCE6-923D-43B2-B3EB-6D8A4A1BAE2F}.Debug|iPhoneSimulator.Deploy.0 = Debug|Any CPU
		{3822DCE6-923D-43B2-B3EB-6D8A4A1BAE2F}.Release|Any CPU.ActiveCfg = Release|Any CPU
		{3822DCE6-923D-43B2-B3EB-6D8A4A1BAE2F}.Release|Any CPU.Build.0 = Release|Any CPU
		{3822DCE6-923D-43B2-B3EB-6D8A4A1BAE2F}.Release|Any CPU.Deploy.0 = Release|Any CPU
		{3822DCE6-923D-43B2-B3EB-6D8A4A1BAE2F}.Release|iPhone.ActiveCfg = Release|Any CPU
		{3822DCE6-923D-43B2-B3EB-6D8A4A1BAE2F}.Release|iPhone.Build.0 = Release|Any CPU
		{3822DCE6-923D-43B2-B3EB-6D8A4A1BAE2F}.Release|iPhone.Deploy.0 = Release|Any CPU
		{3822DCE6-923D-43B2-B3EB-6D8A4A1BAE2F}.Release|iPhoneSimulator.ActiveCfg = Release|Any CPU
		{3822DCE6-923D-43B2-B3EB-6D8A4A1BAE2F}.Release|iPhoneSimulator.Build.0 = Release|Any CPU
		{3822DCE6-923D-43B2-B3EB-6D8A4A1BAE2F}.Release|iPhoneSimulator.Deploy.0 = Release|Any CPU
		{606EFFE7-7BF6-4559-A05F-E17D6E20EF2D}.Debug|Any CPU.ActiveCfg = Debug|Any CPU
		{606EFFE7-7BF6-4559-A05F-E17D6E20EF2D}.Debug|Any CPU.Build.0 = Debug|Any CPU
		{606EFFE7-7BF6-4559-A05F-E17D6E20EF2D}.Debug|iPhone.ActiveCfg = Debug|Any CPU
		{606EFFE7-7BF6-4559-A05F-E17D6E20EF2D}.Debug|iPhone.Build.0 = Debug|Any CPU
		{606EFFE7-7BF6-4559-A05F-E17D6E20EF2D}.Debug|iPhoneSimulator.ActiveCfg = Debug|Any CPU
		{606EFFE7-7BF6-4559-A05F-E17D6E20EF2D}.Debug|iPhoneSimulator.Build.0 = Debug|Any CPU
		{606EFFE7-7BF6-4559-A05F-E17D6E20EF2D}.Release|Any CPU.ActiveCfg = Release|Any CPU
		{606EFFE7-7BF6-4559-A05F-E17D6E20EF2D}.Release|Any CPU.Build.0 = Release|Any CPU
		{606EFFE7-7BF6-4559-A05F-E17D6E20EF2D}.Release|iPhone.ActiveCfg = Release|Any CPU
		{606EFFE7-7BF6-4559-A05F-E17D6E20EF2D}.Release|iPhone.Build.0 = Release|Any CPU
		{606EFFE7-7BF6-4559-A05F-E17D6E20EF2D}.Release|iPhoneSimulator.ActiveCfg = Release|Any CPU
		{606EFFE7-7BF6-4559-A05F-E17D6E20EF2D}.Release|iPhoneSimulator.Build.0 = Release|Any CPU
	EndGlobalSection
	GlobalSection(SolutionProperties) = preSolution
		HideSolutionNode = FALSE
	EndGlobalSection
	GlobalSection(ExtensibilityGlobals) = postSolution
		SolutionGuid = {BC15CAFF-B25C-4FF6-B001-1FA3DBD2E2A0}
	EndGlobalSection
EndGlobal
